
Microsoft Visual Studio Solution File, Format Version 12.00
# Visual Studio Version 17
VisualStudioVersion = 17.10.35013.160
MinimumVisualStudioVersion = 10.0.40219.1
Project("{FAE04EC0-301F-11D3-BF4B-00C04F79EFBC}") = "Exportar", "Exportar\Exportar.csproj", "{F1BBCBF0-ED21-45DC-B8D4-46CCCDA1F58A}"
EndProject
Global
	GlobalSection(SolutionConfigurationPlatforms) = preSolution
		Debug|Any CPU = Debug|Any CPU
		Release|Any CPU = Release|Any CPU
	EndGlobalSection
	GlobalSection(ProjectConfigurationPlatforms) = postSolution
		{F1BBCBF0-ED21-45DC-B8D4-46CCCDA1F58A}.Debug|Any CPU.ActiveCfg = Debug|Any CPU
		{F1BBCBF0-ED21-45DC-B8D4-46CCCDA1F58A}.Debug|Any CPU.Build.0 = Debug|Any CPU
		{F1BBCBF0-ED21-45DC-B8D4-46CCCDA1F58A}.Release|Any CPU.ActiveCfg = Release|Any CPU
		{F1BBCBF0-ED21-45DC-B8D4-46CCCDA1F58A}.Release|Any CPU.Build.0 = Release|Any CPU
	EndGlobalSection
	GlobalSection(SolutionProperties) = preSolution
		HideSolutionNode = FALSE
	EndGlobalSection
	GlobalSection(ExtensibilityGlobals) = postSolution
		SolutionGuid = {628A07D7-D9F2-4797-A48B-24D04E6C0C23}
	EndGlobalSection
EndGlobal
